
Microsoft Visual Studio Solution File, Format Version 12.00
# Visual Studio Version 16
VisualStudioVersion = 16.0.30717.126
MinimumVisualStudioVersion = 10.0.40219.1
Project("{FAE04EC0-301F-11D3-BF4B-00C04F79EFBC}") = "WebApplicationFilms", "WebApplicationFilms\WebApplicationFilms.csproj", "{FDAA2216-7E11-4810-8876-D2BCDDF7AE17}"
EndProject
Global
	GlobalSection(SolutionConfigurationPlatforms) = preSolution
		Debug|Any CPU = Debug|Any CPU
		Release|Any CPU = Release|Any CPU
	EndGlobalSection
	GlobalSection(ProjectConfigurationPlatforms) = postSolution
		{FDAA2216-7E11-4810-8876-D2BCDDF7AE17}.Debug|Any CPU.ActiveCfg = Debug|Any CPU
		{FDAA2216-7E11-4810-8876-D2BCDDF7AE17}.Debug|Any CPU.Build.0 = Debug|Any CPU
		{FDAA2216-7E11-4810-8876-D2BCDDF7AE17}.Release|Any CPU.ActiveCfg = Release|Any CPU
		{FDAA2216-7E11-4810-8876-D2BCDDF7AE17}.Release|Any CPU.Build.0 = Release|Any CPU
	EndGlobalSection
	GlobalSection(SolutionProperties) = preSolution
		HideSolutionNode = FALSE
	EndGlobalSection
	GlobalSection(ExtensibilityGlobals) = postSolution
		SolutionGuid = {D8275F69-719A-4E43-B560-34B0A1CA3A92}
	EndGlobalSection
EndGlobal
